
Microsoft Visual Studio Solution File, Format Version 12.00
# Visual Studio 15
VisualStudioVersion = 15.0.27428.2005
MinimumVisualStudioVersion = 10.0.40219.1
Project("{9A19103F-16F7-4668-BE54-9A1E7A4F7556}") = "StudentEnrollment", "StudentEnrollment\StudentEnrollment.csproj", "{AE3DB084-B202-4AE7-9ED2-848717D0B759}"
EndProject
Project("{9A19103F-16F7-4668-BE54-9A1E7A4F7556}") = "XUnitTestProject1", "XUnitTestProject1\XUnitTestProject1.csproj", "{C83E36A2-08A6-4DFD-8BCB-AE5E4596AA63}"
EndProject
Global
	GlobalSection(SolutionConfigurationPlatforms) = preSolution
		Debug|Any CPU = Debug|Any CPU
		Release|Any CPU = Release|Any CPU
	EndGlobalSection
	GlobalSection(ProjectConfigurationPlatforms) = postSolution
		{AE3DB084-B202-4AE7-9ED2-848717D0B759}.Debug|Any CPU.ActiveCfg = Debug|Any CPU
		{AE3DB084-B202-4AE7-9ED2-848717D0B759}.Debug|Any CPU.Build.0 = Debug|Any CPU
		{AE3DB084-B202-4AE7-9ED2-848717D0B759}.Release|Any CPU.ActiveCfg = Release|Any CPU
		{AE3DB084-B202-4AE7-9ED2-848717D0B759}.Release|Any CPU.Build.0 = Release|Any CPU
		{C83E36A2-08A6-4DFD-8BCB-AE5E4596AA63}.Debug|Any CPU.ActiveCfg = Debug|Any CPU
		{C83E36A2-08A6-4DFD-8BCB-AE5E4596AA63}.Debug|Any CPU.Build.0 = Debug|Any CPU
		{C83E36A2-08A6-4DFD-8BCB-AE5E4596AA63}.Release|Any CPU.ActiveCfg = Release|Any CPU
		{C83E36A2-08A6-4DFD-8BCB-AE5E4596AA63}.Release|Any CPU.Build.0 = Release|Any CPU
	EndGlobalSection
	GlobalSection(SolutionProperties) = preSolution
		HideSolutionNode = FALSE
	EndGlobalSection
	GlobalSection(ExtensibilityGlobals) = postSolution
		SolutionGuid = {C2296A7D-E0E0-4A0C-BABF-CEC58F7603D5}
	EndGlobalSection
EndGlobal
